{
  "version": 4,
  "terraform_version": "1.0.4",
  "serial": 52,
  "lineage": "1dea0844-2c2f-b5f4-5fdd-74565ffcfe3a",
  "outputs": {},
  "resources": [
    {
      "module": "module.kayvault",
      "mode": "data",
      "type": "azuread_service_principal",
      "name": "rg_spn",
      "provider": "provider[\"registry.terraform.io/hashicorp/azuread\"]",
      "instances": [
        {
          "schema_version": 0,
          "attributes": {
            "account_enabled": true,
            "alternative_names": [],
            "app_role_assignment_required": false,
            "app_role_ids": {},
            "app_roles": [],
            "application_id": "24b03878-b0cb-4e2f-a8e6-0e047e97ae76",
            "application_tenant_id": "217169d8-df66-4dba-8be8-d6dd16522443",
            "description": "",
            "display_name": "Terraform",
            "feature_tags": [
              {
                "custom_single_sign_on": false,
                "enterprise": true,
                "gallery": false,
                "hide": true
              }
            ],
            "features": [
              {
                "custom_single_sign_on_app": false,
                "enterprise_application": true,
                "gallery_application": false,
                "visible_to_users": false
              }
            ],
            "homepage_url": "",
            "id": "2ebd8ca8-de07-45cb-a7dd-e8a9cf257c15",
            "login_url": "",
            "logout_url": "",
            "notes": "",
            "notification_email_addresses": [],
            "oauth2_permission_scope_ids": {},
            "oauth2_permission_scopes": [],
            "object_id": "2ebd8ca8-de07-45cb-a7dd-e8a9cf257c15",
            "preferred_single_sign_on_mode": "",
            "redirect_uris": [],
            "saml_metadata_url": "",
            "saml_single_sign_on": [],
            "service_principal_names": [],
            "sign_in_audience": "AzureADMyOrg",
            "tags": [
              "HideApp",
              "WindowsAzureActiveDirectoryIntegratedApp"
            ],
            "timeouts": null,
            "type": "Application"
          },
          "sensitive_attributes": []
        }
      ]
    },
    {
      "module": "module.kayvault",
      "mode": "data",
      "type": "azurerm_key_vault",
      "name": "rg_platform_keyvault",
      "provider": "provider[\"registry.terraform.io/hashicorp/azurerm\"]",
      "instances": [
        {
          "schema_version": 0,
          "attributes": {
            "access_policy": [
              {
                "application_id": "",
                "certificate_permissions": [
                  "Get",
                  "List",
                  "Update",
                  "Create",
                  "Import",
                  "Delete",
                  "Recover",
                  "Backup",
                  "Restore",
                  "ManageContacts",
                  "ManageIssuers",
                  "GetIssuers",
                  "ListIssuers",
                  "SetIssuers",
                  "DeleteIssuers"
                ],
                "key_permissions": [
                  "Get",
                  "List",
                  "Update",
                  "Create",
                  "Import",
                  "Delete",
                  "Recover",
                  "Backup",
                  "Restore",
                  "GetRotationPolicy",
                  "SetRotationPolicy",
                  "Rotate"
                ],
                "object_id": "d2f1e97a-7bd2-41bd-b7d4-6a6eeb87e48d",
                "secret_permissions": [
                  "Get",
                  "List",
                  "Set",
                  "Delete",
                  "Recover",
                  "Backup",
                  "Restore"
                ],
                "storage_permissions": [],
                "tenant_id": "217169d8-df66-4dba-8be8-d6dd16522443"
              }
            ],
            "enable_rbac_authorization": false,
            "enabled_for_deployment": false,
            "enabled_for_disk_encryption": false,
            "enabled_for_template_deployment": false,
            "id": "/subscriptions/653f9b86-b9d4-4959-abfd-f8a6a6bf9937/resourceGroups/rgplatform/providers/Microsoft.KeyVault/vaults/keyvaultplatform",
            "location": "westeurope",
            "name": "keyvaultplatform",
            "network_acls": [],
            "purge_protection_enabled": false,
            "resource_group_name": "rgplatform",
            "sku_name": "Standard",
            "soft_delete_enabled": true,
            "tags": {},
            "tenant_id": "217169d8-df66-4dba-8be8-d6dd16522443",
            "timeouts": null,
            "vault_uri": "https://keyvaultplatform.vault.azure.net/"
          },
          "sensitive_attributes": []
        }
      ]
    },
    {
      "module": "module.kayvault",
      "mode": "managed",
      "type": "azurerm_key_vault",
      "name": "rg_keyvault",
      "provider": "provider[\"registry.terraform.io/hashicorp/azurerm\"]",
      "instances": [
        {
          "schema_version": 2,
          "attributes": {
            "access_policy": [
              {
                "application_id": "",
                "certificate_permissions": null,
                "key_permissions": [],
                "object_id": "c3aaf572-4bee-4149-af5e-8c5bd23acba4",
                "secret_permissions": [
                  "Get",
                  "Set"
                ],
                "storage_permissions": [],
                "tenant_id": "217169d8-df66-4dba-8be8-d6dd16522443"
              }
            ],
            "contact": [],
            "enable_rbac_authorization": false,
            "enabled_for_deployment": false,
            "enabled_for_disk_encryption": true,
            "enabled_for_template_deployment": false,
            "id": "/subscriptions/653f9b86-b9d4-4959-abfd-f8a6a6bf9937/resourceGroups/rgplsantacom002/providers/Microsoft.KeyVault/vaults/rgplsantacom002keyvault",
            "location": "westeurope",
            "name": "rgplsantacom002keyvault",
            "network_acls": [
              {
                "bypass": "AzureServices",
                "default_action": "Allow",
                "ip_rules": [],
                "virtual_network_subnet_ids": []
              }
            ],
            "purge_protection_enabled": false,
            "resource_group_name": "rgplsantacom002",
            "sku_name": "standard",
            "soft_delete_enabled": true,
            "soft_delete_retention_days": 7,
            "tags": null,
            "tenant_id": "217169d8-df66-4dba-8be8-d6dd16522443",
            "timeouts": null,
            "vault_uri": "https://rgplsantacom002keyvault.vault.azure.net/"
          },
          "sensitive_attributes": [],
          "private": "eyJlMmJmYjczMC1lY2FhLTExZTYtOGY4OC0zNDM2M2JjN2M0YzAiOnsiY3JlYXRlIjoxODAwMDAwMDAwMDAwLCJkZWxldGUiOjE4MDAwMDAwMDAwMDAsInJlYWQiOjMwMDAwMDAwMDAwMCwidXBkYXRlIjoxODAwMDAwMDAwMDAwfSwic2NoZW1hX3ZlcnNpb24iOiIyIn0=",
          "dependencies": [
            "module.rg.azurerm_resource_group.rg",
            "module.spn.azuread_application.rg_spn",
            "module.spn.azuread_application_password.rg_spn",
            "module.spn.azuread_service_principal.rg_spn",
            "module.spn.data.azuread_client_config.current",
            "module.spn.data.azuread_service_principal.rg_spn"
          ]
        }
      ]
    },
    {
      "module": "module.rbac",
      "mode": "data",
      "type": "azuread_service_principal",
      "name": "rg_spn",
      "provider": "provider[\"registry.terraform.io/hashicorp/azuread\"]",
      "instances": [
        {
          "schema_version": 0,
          "attributes": {
            "account_enabled": true,
            "alternative_names": [],
            "app_role_assignment_required": false,
            "app_role_ids": {},
            "app_roles": [],
            "application_id": "c4b7f1a3-7354-41fa-ad94-bc93665f182c",
            "application_tenant_id": "217169d8-df66-4dba-8be8-d6dd16522443",
            "description": "",
            "display_name": "rgplsantacom002_spn",
            "feature_tags": [
              {
                "custom_single_sign_on": false,
                "enterprise": false,
                "gallery": false,
                "hide": false
              }
            ],
            "features": [
              {
                "custom_single_sign_on_app": false,
                "enterprise_application": false,
                "gallery_application": false,
                "visible_to_users": true
              }
            ],
            "homepage_url": "",
            "id": "c3aaf572-4bee-4149-af5e-8c5bd23acba4",
            "login_url": "",
            "logout_url": "",
            "notes": "",
            "notification_email_addresses": [],
            "oauth2_permission_scope_ids": {},
            "oauth2_permission_scopes": [],
            "object_id": "c3aaf572-4bee-4149-af5e-8c5bd23acba4",
            "preferred_single_sign_on_mode": "",
            "redirect_uris": [],
            "saml_metadata_url": "",
            "saml_single_sign_on": [
              {
                "relay_state": ""
              }
            ],
            "service_principal_names": [],
            "sign_in_audience": "AzureADMyOrg",
            "tags": [],
            "timeouts": null,
            "type": "Application"
          },
          "sensitive_attributes": []
        }
      ]
    },
    {
      "module": "module.rbac",
      "mode": "managed",
      "type": "azuread_group",
      "name": "aad_contributor_group",
      "provider": "provider[\"registry.terraform.io/hashicorp/azuread\"]",
      "instances": [
        {
          "schema_version": 0,
          "attributes": {
            "assignable_to_role": false,
            "behaviors": [],
            "description": "Managed by IDM;Contributor permission to rgplsantacom002",
            "display_name": "aad_sbp_rgplsantacom002_contributor",
            "dynamic_membership": [],
            "id": "fbab219b-f933-47c8-af7c-337537c09d3e",
            "mail": "",
            "mail_enabled": false,
            "mail_nickname": "32b400fe-6",
            "members": [],
            "object_id": "fbab219b-f933-47c8-af7c-337537c09d3e",
            "onpremises_domain_name": "",
            "onpremises_netbios_name": "",
            "onpremises_sam_account_name": "",
            "onpremises_security_identifier": "",
            "onpremises_sync_enabled": false,
            "owners": [
              "2ebd8ca8-de07-45cb-a7dd-e8a9cf257c15"
            ],
            "preferred_language": "",
            "prevent_duplicate_names": false,
            "provisioning_options": [],
            "proxy_addresses": [],
            "security_enabled": true,
            "theme": "",
            "timeouts": null,
            "types": [],
            "visibility": ""
          },
          "sensitive_attributes": [],
          "private": "eyJlMmJmYjczMC1lY2FhLTExZTYtOGY4OC0zNDM2M2JjN2M0YzAiOnsiY3JlYXRlIjoxMjAwMDAwMDAwMDAwLCJkZWxldGUiOjMwMDAwMDAwMDAwMCwicmVhZCI6MzAwMDAwMDAwMDAwLCJ1cGRhdGUiOjEyMDAwMDAwMDAwMDB9fQ==",
          "dependencies": [
            "module.rg.azurerm_resource_group.rg",
            "module.spn.azuread_application.rg_spn",
            "module.spn.azuread_application_password.rg_spn",
            "module.spn.azuread_service_principal.rg_spn",
            "module.spn.data.azuread_client_config.current",
            "module.spn.data.azuread_service_principal.rg_spn"
          ]
        }
      ]
    },
    {
      "module": "module.rbac",
      "mode": "managed",
      "type": "azuread_group",
      "name": "aad_network_contributor_group",
      "provider": "provider[\"registry.terraform.io/hashicorp/azuread\"]",
      "instances": [
        {
          "schema_version": 0,
          "attributes": {
            "assignable_to_role": false,
            "behaviors": [],
            "description": "Managed by IDM;Network_contributor permission to rgplsantacom002",
            "display_name": "aad_sbp_rgplsantacom002_network_contributor",
            "dynamic_membership": [],
            "id": "d2cd0420-82b4-436b-b1ed-fa3f5385c980",
            "mail": "",
            "mail_enabled": false,
            "mail_nickname": "02fc8ec8-c",
            "members": [],
            "object_id": "d2cd0420-82b4-436b-b1ed-fa3f5385c980",
            "onpremises_domain_name": "",
            "onpremises_netbios_name": "",
            "onpremises_sam_account_name": "",
            "onpremises_security_identifier": "",
            "onpremises_sync_enabled": false,
            "owners": [
              "2ebd8ca8-de07-45cb-a7dd-e8a9cf257c15"
            ],
            "preferred_language": "",
            "prevent_duplicate_names": false,
            "provisioning_options": [],
            "proxy_addresses": [],
            "security_enabled": true,
            "theme": "",
            "timeouts": null,
            "types": [],
            "visibility": ""
          },
          "sensitive_attributes": [],
          "private": "eyJlMmJmYjczMC1lY2FhLTExZTYtOGY4OC0zNDM2M2JjN2M0YzAiOnsiY3JlYXRlIjoxMjAwMDAwMDAwMDAwLCJkZWxldGUiOjMwMDAwMDAwMDAwMCwicmVhZCI6MzAwMDAwMDAwMDAwLCJ1cGRhdGUiOjEyMDAwMDAwMDAwMDB9fQ==",
          "dependencies": [
            "module.rg.azurerm_resource_group.rg",
            "module.spn.azuread_application.rg_spn",
            "module.spn.azuread_application_password.rg_spn",
            "module.spn.azuread_service_principal.rg_spn",
            "module.spn.data.azuread_client_config.current",
            "module.spn.data.azuread_service_principal.rg_spn"
          ]
        }
      ]
    },
    {
      "module": "module.rbac",
      "mode": "managed",
      "type": "azuread_group",
      "name": "aad_owner_group",
      "provider": "provider[\"registry.terraform.io/hashicorp/azuread\"]",
      "instances": [
        {
          "schema_version": 0,
          "attributes": {
            "assignable_to_role": false,
            "behaviors": [],
            "description": "Managed by IDM;Owner permission to rgplsantacom002",
            "display_name": "aad_sbp_rgplsantacom002_owner",
            "dynamic_membership": [],
            "id": "c4de9392-a4e3-4d5f-bab4-60e783da9524",
            "mail": "",
            "mail_enabled": false,
            "mail_nickname": "081807a9-9",
            "members": [],
            "object_id": "c4de9392-a4e3-4d5f-bab4-60e783da9524",
            "onpremises_domain_name": "",
            "onpremises_netbios_name": "",
            "onpremises_sam_account_name": "",
            "onpremises_security_identifier": "",
            "onpremises_sync_enabled": false,
            "owners": [
              "2ebd8ca8-de07-45cb-a7dd-e8a9cf257c15"
            ],
            "preferred_language": "",
            "prevent_duplicate_names": false,
            "provisioning_options": [],
            "proxy_addresses": [],
            "security_enabled": true,
            "theme": "",
            "timeouts": null,
            "types": [],
            "visibility": ""
          },
          "sensitive_attributes": [],
          "private": "eyJlMmJmYjczMC1lY2FhLTExZTYtOGY4OC0zNDM2M2JjN2M0YzAiOnsiY3JlYXRlIjoxMjAwMDAwMDAwMDAwLCJkZWxldGUiOjMwMDAwMDAwMDAwMCwicmVhZCI6MzAwMDAwMDAwMDAwLCJ1cGRhdGUiOjEyMDAwMDAwMDAwMDB9fQ==",
          "dependencies": [
            "module.rg.azurerm_resource_group.rg",
            "module.spn.azuread_application.rg_spn",
            "module.spn.azuread_application_password.rg_spn",
            "module.spn.azuread_service_principal.rg_spn",
            "module.spn.data.azuread_client_config.current",
            "module.spn.data.azuread_service_principal.rg_spn"
          ]
        }
      ]
    },
    {
      "module": "module.rbac",
      "mode": "managed",
      "type": "azuread_group",
      "name": "aad_reader_group",
      "provider": "provider[\"registry.terraform.io/hashicorp/azuread\"]",
      "instances": [
        {
          "schema_version": 0,
          "attributes": {
            "assignable_to_role": false,
            "behaviors": [],
            "description": "Managed by IDM;Reader permission to rgplsantacom002",
            "display_name": "aad_sbp_rgplsantacom002_reader",
            "dynamic_membership": [],
            "id": "c038082d-1042-463f-bbd3-710e3306b00e",
            "mail": "",
            "mail_enabled": false,
            "mail_nickname": "4feafa1a-2",
            "members": [],
            "object_id": "c038082d-1042-463f-bbd3-710e3306b00e",
            "onpremises_domain_name": "",
            "onpremises_netbios_name": "",
            "onpremises_sam_account_name": "",
            "onpremises_security_identifier": "",
            "onpremises_sync_enabled": false,
            "owners": [
              "2ebd8ca8-de07-45cb-a7dd-e8a9cf257c15"
            ],
            "preferred_language": "",
            "prevent_duplicate_names": false,
            "provisioning_options": [],
            "proxy_addresses": [],
            "security_enabled": true,
            "theme": "",
            "timeouts": null,
            "types": [],
            "visibility": ""
          },
          "sensitive_attributes": [],
          "private": "eyJlMmJmYjczMC1lY2FhLTExZTYtOGY4OC0zNDM2M2JjN2M0YzAiOnsiY3JlYXRlIjoxMjAwMDAwMDAwMDAwLCJkZWxldGUiOjMwMDAwMDAwMDAwMCwicmVhZCI6MzAwMDAwMDAwMDAwLCJ1cGRhdGUiOjEyMDAwMDAwMDAwMDB9fQ==",
          "dependencies": [
            "module.rg.azurerm_resource_group.rg",
            "module.spn.azuread_application.rg_spn",
            "module.spn.azuread_application_password.rg_spn",
            "module.spn.azuread_service_principal.rg_spn",
            "module.spn.data.azuread_client_config.current",
            "module.spn.data.azuread_service_principal.rg_spn"
          ]
        }
      ]
    },
    {
      "module": "module.rbac",
      "mode": "managed",
      "type": "azurerm_role_assignment",
      "name": "network_contributor",
      "provider": "provider[\"registry.terraform.io/hashicorp/azurerm\"]",
      "instances": [
        {
          "schema_version": 0,
          "attributes": {
            "condition": "",
            "condition_version": "",
            "delegated_managed_identity_resource_id": "",
            "description": "",
            "id": "/subscriptions/653f9b86-b9d4-4959-abfd-f8a6a6bf9937/resourceGroups/rgplsantacom002/providers/Microsoft.Authorization/roleAssignments/d9af10f2-f9dd-63a5-85df-70461a2b28ca",
            "name": "d9af10f2-f9dd-63a5-85df-70461a2b28ca",
            "principal_id": "d2cd0420-82b4-436b-b1ed-fa3f5385c980",
            "principal_type": "Group",
            "role_definition_id": "/subscriptions/653f9b86-b9d4-4959-abfd-f8a6a6bf9937/providers/Microsoft.Authorization/roleDefinitions/4d97b98b-1d4f-4787-a291-c67834d212e7",
            "role_definition_name": "Network Contributor",
            "scope": "/subscriptions/653f9b86-b9d4-4959-abfd-f8a6a6bf9937/resourceGroups/rgplsantacom002",
            "skip_service_principal_aad_check": null,
            "timeouts": null
          },
          "sensitive_attributes": [],
          "private": "eyJlMmJmYjczMC1lY2FhLTExZTYtOGY4OC0zNDM2M2JjN2M0YzAiOnsiY3JlYXRlIjoxODAwMDAwMDAwMDAwLCJkZWxldGUiOjE4MDAwMDAwMDAwMDAsInJlYWQiOjMwMDAwMDAwMDAwMCwidXBkYXRlIjoxODAwMDAwMDAwMDAwfX0=",
          "dependencies": [
            "module.rbac.azuread_group.aad_network_contributor_group",
            "module.rg.azurerm_resource_group.rg",
            "module.spn.azuread_application.rg_spn",
            "module.spn.azuread_application_password.rg_spn",
            "module.spn.azuread_service_principal.rg_spn",
            "module.spn.data.azuread_client_config.current",
            "module.spn.data.azuread_service_principal.rg_spn"
          ]
        }
      ]
    },
    {
      "module": "module.rbac",
      "mode": "managed",
      "type": "azurerm_role_assignment",
      "name": "rg_contributor",
      "provider": "provider[\"registry.terraform.io/hashicorp/azurerm\"]",
      "instances": [
        {
          "schema_version": 0,
          "attributes": {
            "condition": "",
            "condition_version": "",
            "delegated_managed_identity_resource_id": "",
            "description": "",
            "id": "/subscriptions/653f9b86-b9d4-4959-abfd-f8a6a6bf9937/resourceGroups/rgplsantacom002/providers/Microsoft.Authorization/roleAssignments/4fe1320b-10c9-62d8-32e3-3b5669275162",
            "name": "4fe1320b-10c9-62d8-32e3-3b5669275162",
            "principal_id": "fbab219b-f933-47c8-af7c-337537c09d3e",
            "principal_type": "Group",
            "role_definition_id": "/subscriptions/653f9b86-b9d4-4959-abfd-f8a6a6bf9937/providers/Microsoft.Authorization/roleDefinitions/b24988ac-6180-42a0-ab88-20f7382dd24c",
            "role_definition_name": "Contributor",
            "scope": "/subscriptions/653f9b86-b9d4-4959-abfd-f8a6a6bf9937/resourceGroups/rgplsantacom002",
            "skip_service_principal_aad_check": null,
            "timeouts": null
          },
          "sensitive_attributes": [],
          "private": "eyJlMmJmYjczMC1lY2FhLTExZTYtOGY4OC0zNDM2M2JjN2M0YzAiOnsiY3JlYXRlIjoxODAwMDAwMDAwMDAwLCJkZWxldGUiOjE4MDAwMDAwMDAwMDAsInJlYWQiOjMwMDAwMDAwMDAwMCwidXBkYXRlIjoxODAwMDAwMDAwMDAwfX0=",
          "dependencies": [
            "module.rbac.azuread_group.aad_contributor_group",
            "module.rg.azurerm_resource_group.rg",
            "module.spn.azuread_application.rg_spn",
            "module.spn.azuread_application_password.rg_spn",
            "module.spn.azuread_service_principal.rg_spn",
            "module.spn.data.azuread_client_config.current",
            "module.spn.data.azuread_service_principal.rg_spn"
          ]
        }
      ]
    },
    {
      "module": "module.rbac",
      "mode": "managed",
      "type": "azurerm_role_assignment",
      "name": "rg_owner",
      "provider": "provider[\"registry.terraform.io/hashicorp/azurerm\"]",
      "instances": [
        {
          "schema_version": 0,
          "attributes": {
            "condition": "",
            "condition_version": "",
            "delegated_managed_identity_resource_id": "",
            "description": "",
            "id": "/subscriptions/653f9b86-b9d4-4959-abfd-f8a6a6bf9937/resourceGroups/rgplsantacom002/providers/Microsoft.Authorization/roleAssignments/142cb9c1-36ba-993e-648d-fc2e27dc665b",
            "name": "142cb9c1-36ba-993e-648d-fc2e27dc665b",
            "principal_id": "c4de9392-a4e3-4d5f-bab4-60e783da9524",
            "principal_type": "Group",
            "role_definition_id": "/subscriptions/653f9b86-b9d4-4959-abfd-f8a6a6bf9937/providers/Microsoft.Authorization/roleDefinitions/8e3af657-a8ff-443c-a75c-2fe8c4bcb635",
            "role_definition_name": "Owner",
            "scope": "/subscriptions/653f9b86-b9d4-4959-abfd-f8a6a6bf9937/resourceGroups/rgplsantacom002",
            "skip_service_principal_aad_check": null,
            "timeouts": null
          },
          "sensitive_attributes": [],
          "private": "eyJlMmJmYjczMC1lY2FhLTExZTYtOGY4OC0zNDM2M2JjN2M0YzAiOnsiY3JlYXRlIjoxODAwMDAwMDAwMDAwLCJkZWxldGUiOjE4MDAwMDAwMDAwMDAsInJlYWQiOjMwMDAwMDAwMDAwMCwidXBkYXRlIjoxODAwMDAwMDAwMDAwfX0=",
          "dependencies": [
            "module.rbac.azuread_group.aad_owner_group",
            "module.rg.azurerm_resource_group.rg",
            "module.spn.azuread_application.rg_spn",
            "module.spn.azuread_application_password.rg_spn",
            "module.spn.azuread_service_principal.rg_spn",
            "module.spn.data.azuread_client_config.current",
            "module.spn.data.azuread_service_principal.rg_spn"
          ]
        }
      ]
    },
    {
      "module": "module.rbac",
      "mode": "managed",
      "type": "azurerm_role_assignment",
      "name": "rg_reader",
      "provider": "provider[\"registry.terraform.io/hashicorp/azurerm\"]",
      "instances": [
        {
          "schema_version": 0,
          "attributes": {
            "condition": "",
            "condition_version": "",
            "delegated_managed_identity_resource_id": "",
            "description": "",
            "id": "/subscriptions/653f9b86-b9d4-4959-abfd-f8a6a6bf9937/resourceGroups/rgplsantacom002/providers/Microsoft.Authorization/roleAssignments/df822a13-a8a1-9ee7-409f-ac69f5e2801a",
            "name": "df822a13-a8a1-9ee7-409f-ac69f5e2801a",
            "principal_id": "c038082d-1042-463f-bbd3-710e3306b00e",
            "principal_type": "Group",
            "role_definition_id": "/subscriptions/653f9b86-b9d4-4959-abfd-f8a6a6bf9937/providers/Microsoft.Authorization/roleDefinitions/acdd72a7-3385-48ef-bd42-f606fba81ae7",
            "role_definition_name": "Reader",
            "scope": "/subscriptions/653f9b86-b9d4-4959-abfd-f8a6a6bf9937/resourceGroups/rgplsantacom002",
            "skip_service_principal_aad_check": null,
            "timeouts": null
          },
          "sensitive_attributes": [],
          "private": "eyJlMmJmYjczMC1lY2FhLTExZTYtOGY4OC0zNDM2M2JjN2M0YzAiOnsiY3JlYXRlIjoxODAwMDAwMDAwMDAwLCJkZWxldGUiOjE4MDAwMDAwMDAwMDAsInJlYWQiOjMwMDAwMDAwMDAwMCwidXBkYXRlIjoxODAwMDAwMDAwMDAwfX0=",
          "dependencies": [
            "module.rbac.azuread_group.aad_reader_group",
            "module.rg.azurerm_resource_group.rg",
            "module.spn.azuread_application.rg_spn",
            "module.spn.azuread_application_password.rg_spn",
            "module.spn.azuread_service_principal.rg_spn",
            "module.spn.data.azuread_client_config.current",
            "module.spn.data.azuread_service_principal.rg_spn"
          ]
        }
      ]
    },
    {
      "module": "module.rbac",
      "mode": "managed",
      "type": "azurerm_role_assignment",
      "name": "rg_spn_owner",
      "provider": "provider[\"registry.terraform.io/hashicorp/azurerm\"]",
      "instances": [
        {
          "schema_version": 0,
          "attributes": {
            "condition": "",
            "condition_version": "",
            "delegated_managed_identity_resource_id": "",
            "description": "",
            "id": "/subscriptions/653f9b86-b9d4-4959-abfd-f8a6a6bf9937/resourceGroups/rgplsantacom002/providers/Microsoft.Authorization/roleAssignments/b764ce38-d4ef-1001-a26c-1615f0933f33",
            "name": "b764ce38-d4ef-1001-a26c-1615f0933f33",
            "principal_id": "c3aaf572-4bee-4149-af5e-8c5bd23acba4",
            "principal_type": "ServicePrincipal",
            "role_definition_id": "/subscriptions/653f9b86-b9d4-4959-abfd-f8a6a6bf9937/providers/Microsoft.Authorization/roleDefinitions/8e3af657-a8ff-443c-a75c-2fe8c4bcb635",
            "role_definition_name": "Owner",
            "scope": "/subscriptions/653f9b86-b9d4-4959-abfd-f8a6a6bf9937/resourceGroups/rgplsantacom002",
            "skip_service_principal_aad_check": null,
            "timeouts": null
          },
          "sensitive_attributes": [],
          "private": "eyJlMmJmYjczMC1lY2FhLTExZTYtOGY4OC0zNDM2M2JjN2M0YzAiOnsiY3JlYXRlIjoxODAwMDAwMDAwMDAwLCJkZWxldGUiOjE4MDAwMDAwMDAwMDAsInJlYWQiOjMwMDAwMDAwMDAwMCwidXBkYXRlIjoxODAwMDAwMDAwMDAwfX0=",
          "dependencies": [
            "module.rbac.data.azuread_service_principal.rg_spn",
            "module.rg.azurerm_resource_group.rg",
            "module.spn.azuread_application.rg_spn",
            "module.spn.azuread_application_password.rg_spn",
            "module.spn.azuread_service_principal.rg_spn",
            "module.spn.data.azuread_client_config.current",
            "module.spn.data.azuread_service_principal.rg_spn"
          ]
        }
      ]
    },
    {
      "module": "module.rg",
      "mode": "managed",
      "type": "azurerm_resource_group",
      "name": "rg",
      "provider": "provider[\"registry.terraform.io/hashicorp/azurerm\"]",
      "instances": [
        {
          "schema_version": 0,
          "attributes": {
            "id": "/subscriptions/653f9b86-b9d4-4959-abfd-f8a6a6bf9937/resourceGroups/rgplsantacom002",
            "location": "westeurope",
            "name": "rgplsantacom002",
            "tags": null,
            "timeouts": null
          },
          "sensitive_attributes": [],
          "private": "eyJlMmJmYjczMC1lY2FhLTExZTYtOGY4OC0zNDM2M2JjN2M0YzAiOnsiY3JlYXRlIjo1NDAwMDAwMDAwMDAwLCJkZWxldGUiOjU0MDAwMDAwMDAwMDAsInJlYWQiOjMwMDAwMDAwMDAwMCwidXBkYXRlIjo1NDAwMDAwMDAwMDAwfX0="
        }
      ]
    },
    {
      "module": "module.spn",
      "mode": "data",
      "type": "azuread_client_config",
      "name": "current",
      "provider": "provider[\"registry.terraform.io/hashicorp/azuread\"]",
      "instances": [
        {
          "schema_version": 0,
          "attributes": {
            "client_id": "24b03878-b0cb-4e2f-a8e6-0e047e97ae76",
            "id": "217169d8-df66-4dba-8be8-d6dd16522443-24b03878-b0cb-4e2f-a8e6-0e047e97ae76-2ebd8ca8-de07-45cb-a7dd-e8a9cf257c15",
            "object_id": "2ebd8ca8-de07-45cb-a7dd-e8a9cf257c15",
            "tenant_id": "217169d8-df66-4dba-8be8-d6dd16522443",
            "timeouts": null
          },
          "sensitive_attributes": []
        }
      ]
    },
    {
      "module": "module.spn",
      "mode": "data",
      "type": "azuread_service_principal",
      "name": "rg_spn",
      "provider": "provider[\"registry.terraform.io/hashicorp/azuread\"]",
      "instances": [
        {
          "schema_version": 0,
          "attributes": {
            "account_enabled": true,
            "alternative_names": [],
            "app_role_assignment_required": false,
            "app_role_ids": {},
            "app_roles": [],
            "application_id": "c4b7f1a3-7354-41fa-ad94-bc93665f182c",
            "application_tenant_id": "217169d8-df66-4dba-8be8-d6dd16522443",
            "description": "",
            "display_name": "rgplsantacom001_spn",
            "feature_tags": [
              {
                "custom_single_sign_on": false,
                "enterprise": false,
                "gallery": false,
                "hide": false
              }
            ],
            "features": [
              {
                "custom_single_sign_on_app": false,
                "enterprise_application": false,
                "gallery_application": false,
                "visible_to_users": true
              }
            ],
            "homepage_url": "",
            "id": "c3aaf572-4bee-4149-af5e-8c5bd23acba4",
            "login_url": "",
            "logout_url": "",
            "notes": "",
            "notification_email_addresses": [],
            "oauth2_permission_scope_ids": {},
            "oauth2_permission_scopes": [],
            "object_id": "c3aaf572-4bee-4149-af5e-8c5bd23acba4",
            "preferred_single_sign_on_mode": "",
            "redirect_uris": [],
            "saml_metadata_url": "",
            "saml_single_sign_on": [
              {
                "relay_state": ""
              }
            ],
            "service_principal_names": [],
            "sign_in_audience": "AzureADMyOrg",
            "tags": [],
            "timeouts": null,
            "type": "Application"
          },
          "sensitive_attributes": []
        }
      ]
    },
    {
      "module": "module.spn",
      "mode": "managed",
      "type": "azuread_application",
      "name": "rg_spn",
      "provider": "provider[\"registry.terraform.io/hashicorp/azuread\"]",
      "instances": [
        {
          "schema_version": 1,
          "attributes": {
            "api": [
              {
                "known_client_applications": [],
                "mapped_claims_enabled": false,
                "oauth2_permission_scope": [],
                "requested_access_token_version": 1
              }
            ],
            "app_role": [],
            "app_role_ids": {},
            "application_id": "c4b7f1a3-7354-41fa-ad94-bc93665f182c",
            "device_only_auth_enabled": false,
            "disabled_by_microsoft": "\u003cnil\u003e",
            "display_name": "rgplsantacom002_spn",
            "fallback_public_client_enabled": false,
            "feature_tags": [
              {
                "custom_single_sign_on": false,
                "enterprise": false,
                "gallery": false,
                "hide": false
              }
            ],
            "group_membership_claims": [],
            "id": "77abd707-c0cb-414a-9a8b-5c8f1efb01fa",
            "identifier_uris": [],
            "logo_image": "",
            "logo_url": "",
            "marketing_url": "",
            "oauth2_permission_scope_ids": {},
            "oauth2_post_response_required": false,
            "object_id": "77abd707-c0cb-414a-9a8b-5c8f1efb01fa",
            "optional_claims": [
              {
                "access_token": [],
                "id_token": [],
                "saml2_token": []
              }
            ],
            "owners": [
              "2ebd8ca8-de07-45cb-a7dd-e8a9cf257c15"
            ],
            "prevent_duplicate_names": false,
            "privacy_statement_url": "",
            "public_client": [
              {
                "redirect_uris": []
              }
            ],
            "publisher_domain": "trosikonoutlook.onmicrosoft.com",
            "required_resource_access": [],
            "sign_in_audience": "AzureADMyOrg",
            "single_page_application": [
              {
                "redirect_uris": []
              }
            ],
            "support_url": "",
            "tags": [],
            "template_id": "",
            "terms_of_service_url": "",
            "timeouts": null,
            "web": [
              {
                "homepage_url": "",
                "implicit_grant": [
                  {
                    "access_token_issuance_enabled": false,
                    "id_token_issuance_enabled": false
                  }
                ],
                "logout_url": "",
                "redirect_uris": []
              }
            ]
          },
          "sensitive_attributes": [],
          "private": "eyJlMmJmYjczMC1lY2FhLTExZTYtOGY4OC0zNDM2M2JjN2M0YzAiOnsiY3JlYXRlIjo2MDAwMDAwMDAwMDAsImRlbGV0ZSI6MzAwMDAwMDAwMDAwLCJyZWFkIjozMDAwMDAwMDAwMDAsInVwZGF0ZSI6NjAwMDAwMDAwMDAwfSwic2NoZW1hX3ZlcnNpb24iOiIxIn0=",
          "dependencies": [
            "module.spn.data.azuread_client_config.current"
          ]
        }
      ]
    },
    {
      "module": "module.spn",
      "mode": "managed",
      "type": "azuread_application_password",
      "name": "rg_spn",
      "provider": "provider[\"registry.terraform.io/hashicorp/azuread\"]",
      "instances": [
        {
          "schema_version": 1,
          "attributes": {
            "application_object_id": "77abd707-c0cb-414a-9a8b-5c8f1efb01fa",
            "display_name": "rgplsantacom002_spn_secret",
            "end_date": "2024-05-22T20:35:49Z",
            "end_date_relative": null,
            "id": "77abd707-c0cb-414a-9a8b-5c8f1efb01fa/password/1d6cbfbe-8ff8-4b9e-9984-8f40100e3482",
            "key_id": "1d6cbfbe-8ff8-4b9e-9984-8f40100e3482",
            "rotate_when_changed": null,
            "start_date": "2022-05-22T20:35:49Z",
            "timeouts": null,
            "value": "D7I8Q~6ocaL9TNARFnUG4nVdcuzFi7Sj4JIRNbbE"
          },
          "sensitive_attributes": [],
          "private": "eyJlMmJmYjczMC1lY2FhLTExZTYtOGY4OC0zNDM2M2JjN2M0YzAiOnsiY3JlYXRlIjo5MDAwMDAwMDAwMDAsImRlbGV0ZSI6MzAwMDAwMDAwMDAwLCJyZWFkIjozMDAwMDAwMDAwMDAsInVwZGF0ZSI6MzAwMDAwMDAwMDAwfSwic2NoZW1hX3ZlcnNpb24iOiIxIn0=",
          "dependencies": [
            "module.spn.azuread_application.rg_spn",
            "module.spn.data.azuread_client_config.current"
          ]
        }
      ]
    },
    {
      "module": "module.spn",
      "mode": "managed",
      "type": "azuread_service_principal",
      "name": "rg_spn",
      "provider": "provider[\"registry.terraform.io/hashicorp/azuread\"]",
      "instances": [
        {
          "schema_version": 0,
          "attributes": {
            "account_enabled": true,
            "alternative_names": [],
            "app_role_assignment_required": false,
            "app_role_ids": {},
            "app_roles": [],
            "application_id": "c4b7f1a3-7354-41fa-ad94-bc93665f182c",
            "application_tenant_id": "217169d8-df66-4dba-8be8-d6dd16522443",
            "description": "",
            "display_name": "rgplsantacom001_spn",
            "feature_tags": [
              {
                "custom_single_sign_on": false,
                "enterprise": false,
                "gallery": false,
                "hide": false
              }
            ],
            "features": [
              {
                "custom_single_sign_on_app": false,
                "enterprise_application": false,
                "gallery_application": false,
                "visible_to_users": true
              }
            ],
            "homepage_url": "",
            "id": "c3aaf572-4bee-4149-af5e-8c5bd23acba4",
            "login_url": "",
            "logout_url": "",
            "notes": "",
            "notification_email_addresses": [],
            "oauth2_permission_scope_ids": {},
            "oauth2_permission_scopes": [],
            "object_id": "c3aaf572-4bee-4149-af5e-8c5bd23acba4",
            "owners": [
              "2ebd8ca8-de07-45cb-a7dd-e8a9cf257c15"
            ],
            "preferred_single_sign_on_mode": "",
            "redirect_uris": [],
            "saml_metadata_url": "",
            "saml_single_sign_on": [
              {
                "relay_state": ""
              }
            ],
            "service_principal_names": [],
            "sign_in_audience": "AzureADMyOrg",
            "tags": [],
            "timeouts": null,
            "type": "Application",
            "use_existing": null
          },
          "sensitive_attributes": [],
          "private": "eyJlMmJmYjczMC1lY2FhLTExZTYtOGY4OC0zNDM2M2JjN2M0YzAiOnsiY3JlYXRlIjo2MDAwMDAwMDAwMDAsImRlbGV0ZSI6MzAwMDAwMDAwMDAwLCJyZWFkIjozMDAwMDAwMDAwMDAsInVwZGF0ZSI6NjAwMDAwMDAwMDAwfX0=",
          "dependencies": [
            "module.spn.azuread_application.rg_spn",
            "module.spn.data.azuread_client_config.current"
          ]
        }
      ]
    }
  ]
}
